Microsoft Visual Studio Solution File, Format Version 12.00
# Visual Studio 2013
VisualStudioVersion = 12.0.31101.0
MinimumVisualStudioVersion = 10.0.40219.1
Project("{FAE04EC0-301F-11D3-BF4B-00C04F79EFBC}") = "UT-Export", "UT-Export\UT-Export.csproj", "{0BD2C651-BD0E-431C-94EA-7A4BEFFA853A}"
EndProject
Project("{FAE04EC0-301F-11D3-BF4B-00C04F79EFBC}") = "UT-Export-Test", "Test\UT-Export-Test\UT-Export-Test.csproj", "{DFD45327-E218-4A3F-A878-490D9C255FD9}"
EndProject
Project("{FAE04EC0-301F-11D3-BF4B-00C04F79EFBC}") = "Git-Analysis", "Git-Analysis\Git-Analysis.csproj", "{0AB53E05-BCD1-4C2D-9C07-B8736D25A66E}"
EndProject
Project("{FAE04EC0-301F-11D3-BF4B-00C04F79EFBC}") = "UTCli", "UTCli\UTCli.csproj", "{0C2C7181-7511-446D-833B-CD17FBC09885}"
EndProject
Project("{2150E333-8FDC-42A3-9474-1A3956D46DE8}") = "UT-Visualization", "UT-Visualization", "{D0839B42-F196-4D9F-A7F8-D4E72D89BF41}"
EndProject
Project("{2150E333-8FDC-42A3-9474-1A3956D46DE8}") = "Test", "Test", "{BB9EC59A-B291-46D8-8C83-28D46B527948}"
EndProject
Project("{FAE04EC0-301F-11D3-BF4B-00C04F79EFBC}") = "Git-Analysis-Test", "Test\Git-Analysis-Test\Git-Analysis-Test.csproj", "{9B6F9CEE-2BEC-4394-B74D-DA5808BED4AA}"
EndProject
Global
	GlobalSection(SolutionConfigurationPlatforms) = preSolution
		Debug|Any CPU = Debug|Any CPU
		Release|Any CPU = Release|Any CPU
	EndGlobalSection
	GlobalSection(ProjectConfigurationPlatforms) = postSolution
		{0BD2C651-BD0E-431C-94EA-7A4BEFFA853A}.Debug|Any CPU.ActiveCfg = Debug|Any CPU
		{0BD2C651-BD0E-431C-94EA-7A4BEFFA853A}.Debug|Any CPU.Build.0 = Debug|Any CPU
		{0BD2C651-BD0E-431C-94EA-7A4BEFFA853A}.Release|Any CPU.ActiveCfg = Release|Any CPU
		{0BD2C651-BD0E-431C-94EA-7A4BEFFA853A}.Release|Any CPU.Build.0 = Release|Any CPU
		{DFD45327-E218-4A3F-A878-490D9C255FD9}.Debug|Any CPU.ActiveCfg = Debug|Any CPU
		{DFD45327-E218-4A3F-A878-490D9C255FD9}.Debug|Any CPU.Build.0 = Debug|Any CPU
		{DFD45327-E218-4A3F-A878-490D9C255FD9}.Release|Any CPU.ActiveCfg = Release|Any CPU
		{DFD45327-E218-4A3F-A878-490D9C255FD9}.Release|Any CPU.Build.0 = Release|Any CPU
		{0AB53E05-BCD1-4C2D-9C07-B8736D25A66E}.Debug|Any CPU.ActiveCfg = Debug|Any CPU
		{0AB53E05-BCD1-4C2D-9C07-B8736D25A66E}.Debug|Any CPU.Build.0 = Debug|Any CPU
		{0AB53E05-BCD1-4C2D-9C07-B8736D25A66E}.Release|Any CPU.ActiveCfg = Release|Any CPU
		{0AB53E05-BCD1-4C2D-9C07-B8736D25A66E}.Release|Any CPU.Build.0 = Release|Any CPU
		{0C2C7181-7511-446D-833B-CD17FBC09885}.Debug|Any CPU.ActiveCfg = Debug|Any CPU
		{0C2C7181-7511-446D-833B-CD17FBC09885}.Debug|Any CPU.Build.0 = Debug|Any CPU
		{0C2C7181-7511-446D-833B-CD17FBC09885}.Release|Any CPU.ActiveCfg = Release|Any CPU
		{0C2C7181-7511-446D-833B-CD17FBC09885}.Release|Any CPU.Build.0 = Release|Any CPU
		{9B6F9CEE-2BEC-4394-B74D-DA5808BED4AA}.Debug|Any CPU.ActiveCfg = Debug|Any CPU
		{9B6F9CEE-2BEC-4394-B74D-DA5808BED4AA}.Debug|Any CPU.Build.0 = Debug|Any CPU
		{9B6F9CEE-2BEC-4394-B74D-DA5808BED4AA}.Release|Any CPU.ActiveCfg = Release|Any CPU
		{9B6F9CEE-2BEC-4394-B74D-DA5808BED4AA}.Release|Any CPU.Build.0 = Release|Any CPU
	EndGlobalSection
	GlobalSection(SolutionProperties) = preSolution
		HideSolutionNode = FALSE
	EndGlobalSection
	GlobalSection(NestedProjects) = preSolution
		{0BD2C651-BD0E-431C-94EA-7A4BEFFA853A} = {D0839B42-F196-4D9F-A7F8-D4E72D89BF41}
		{DFD45327-E218-4A3F-A878-490D9C255FD9} = {BB9EC59A-B291-46D8-8C83-28D46B527948}
		{0C2C7181-7511-446D-833B-CD17FBC09885} = {D0839B42-F196-4D9F-A7F8-D4E72D89BF41}
		{9B6F9CEE-2BEC-4394-B74D-DA5808BED4AA} = {BB9EC59A-B291-46D8-8C83-28D46B527948}
	EndGlobalSection
EndGlobal
